
Microsoft Visual Studio Solution File, Format Version 12.00
# Visual Studio Version 16
VisualStudioVersion = 16.0.29418.71
MinimumVisualStudioVersion = 10.0.40219.1
Project("{FAE04EC0-301F-11D3-BF4B-00C04F79EFBC}") = "AOC-Day1", "AOC-Day1.csproj", "{44DF7D28-EB1C-4F10-8253-55F12C9755ED}"
EndProject
Global
	GlobalSection(SolutionConfigurationPlatforms) = preSolution
		Debug|Any CPU = Debug|Any CPU
		Release|Any CPU = Release|Any CPU
	EndGlobalSection
	GlobalSection(ProjectConfigurationPlatforms) = postSolution
		{44DF7D28-EB1C-4F10-8253-55F12C9755ED}.Debug|Any CPU.ActiveCfg = Debug|Any CPU
		{44DF7D28-EB1C-4F10-8253-55F12C9755ED}.Debug|Any CPU.Build.0 = Debug|Any CPU
		{44DF7D28-EB1C-4F10-8253-55F12C9755ED}.Release|Any CPU.ActiveCfg = Release|Any CPU
		{44DF7D28-EB1C-4F10-8253-55F12C9755ED}.Release|Any CPU.Build.0 = Release|Any CPU
	EndGlobalSection
	GlobalSection(SolutionProperties) = preSolution
		HideSolutionNode = FALSE
	EndGlobalSection
	GlobalSection(ExtensibilityGlobals) = postSolution
		SolutionGuid = {D55454AA-47D2-449C-B128-8620C25B06EB}
	EndGlobalSection
EndGlobal
